
Microsoft Visual Studio Solution File, Format Version 12.00
# Visual Studio Version 17
VisualStudioVersion = 17.10.35013.160
MinimumVisualStudioVersion = 10.0.40219.1
Project("{9A19103F-16F7-4668-BE54-9A1E7A4F7556}") = "Killfeed_Icons", "src\Killfeed_Icons.csproj", "{AB9D6897-B160-4506-9DA0-3C3FE209EE58}"
EndProject
Global
	GlobalSection(SolutionConfigurationPlatforms) = preSolution
		Debug|Any CPU = Debug|Any CPU
		Release|Any CPU = Release|Any CPU
	EndGlobalSection
	GlobalSection(ProjectConfigurationPlatforms) = postSolution
		{AB9D6897-B160-4506-9DA0-3C3FE209EE58}.Debug|Any CPU.ActiveCfg = Debug|Any CPU
		{AB9D6897-B160-4506-9DA0-3C3FE209EE58}.Debug|Any CPU.Build.0 = Debug|Any CPU
		{AB9D6897-B160-4506-9DA0-3C3FE209EE58}.Release|Any CPU.ActiveCfg = Release|Any CPU
		{AB9D6897-B160-4506-9DA0-3C3FE209EE58}.Release|Any CPU.Build.0 = Release|Any CPU
	EndGlobalSection
	GlobalSection(SolutionProperties) = preSolution
		HideSolutionNode = FALSE
	EndGlobalSection
	GlobalSection(ExtensibilityGlobals) = postSolution
		SolutionGuid = {A9FC1EA6-0A7A-4B04-B5A3-0FB63C74290A}
	EndGlobalSection
EndGlobal
